
Microsoft Visual Studio Solution File, Format Version 12.00
# Visual Studio 15
Project("{FAE04EC0-301F-11D3-BF4B-00C04F79EFBC}") = "SteamVR", "SteamVR.csproj", "{976EC3EE-EECE-A062-1D54-029D70AD394D}"
EndProject
Project("{FAE04EC0-301F-11D3-BF4B-00C04F79EFBC}") = "SteamVR_Actions", "SteamVR_Actions.csproj", "{8A31189F-EB0F-23E6-6BEF-2DFDE4C26FE4}"
EndProject
Project("{FAE04EC0-301F-11D3-BF4B-00C04F79EFBC}") = "Assembly-CSharp", "Assembly-CSharp.csproj", "{3A96029C-C91D-7431-D0F2-32E6B253C0B6}"
EndProject
Project("{FAE04EC0-301F-11D3-BF4B-00C04F79EFBC}") = "SteamVR_Editor", "SteamVR_Editor.csproj", "{B65B763E-3C81-6B1E-4DB0-CE1FA20BB888}"
EndProject
Project("{FAE04EC0-301F-11D3-BF4B-00C04F79EFBC}") = "SteamVR_Input_Editor", "SteamVR_Input_Editor.csproj", "{7DE25F57-C08E-C897-F002-5F158A2D8C1B}"
EndProject
Project("{FAE04EC0-301F-11D3-BF4B-00C04F79EFBC}") = "Assembly-CSharp-Editor", "Assembly-CSharp-Editor.csproj", "{A0E7C3E5-6777-BF0F-20C9-4A53919B0115}"
EndProject
Project("{FAE04EC0-301F-11D3-BF4B-00C04F79EFBC}") = "SteamVR_Windows_EditorHelper", "SteamVR_Windows_EditorHelper.csproj", "{4967A78F-B27D-3770-492D-9636ADC69DB2}"
EndProject
Global
	GlobalSection(SolutionConfigurationPlatforms) = preSolution
		Debug|Any CPU = Debug|Any CPU
		Release|Any CPU = Release|Any CPU
	EndGlobalSection
	GlobalSection(ProjectConfigurationPlatforms) = postSolution
		{976EC3EE-EECE-A062-1D54-029D70AD394D}.Debug|Any CPU.ActiveCfg = Debug|Any CPU
		{976EC3EE-EECE-A062-1D54-029D70AD394D}.Debug|Any CPU.Build.0 = Debug|Any CPU
		{976EC3EE-EECE-A062-1D54-029D70AD394D}.Release|Any CPU.ActiveCfg = Release|Any CPU
		{976EC3EE-EECE-A062-1D54-029D70AD394D}.Release|Any CPU.Build.0 = Release|Any CPU
		{8A31189F-EB0F-23E6-6BEF-2DFDE4C26FE4}.Debug|Any CPU.ActiveCfg = Debug|Any CPU
		{8A31189F-EB0F-23E6-6BEF-2DFDE4C26FE4}.Debug|Any CPU.Build.0 = Debug|Any CPU
		{8A31189F-EB0F-23E6-6BEF-2DFDE4C26FE4}.Release|Any CPU.ActiveCfg = Release|Any CPU
		{8A31189F-EB0F-23E6-6BEF-2DFDE4C26FE4}.Release|Any CPU.Build.0 = Release|Any CPU
		{3A96029C-C91D-7431-D0F2-32E6B253C0B6}.Debug|Any CPU.ActiveCfg = Debug|Any CPU
		{3A96029C-C91D-7431-D0F2-32E6B253C0B6}.Debug|Any CPU.Build.0 = Debug|Any CPU
		{3A96029C-C91D-7431-D0F2-32E6B253C0B6}.Release|Any CPU.ActiveCfg = Release|Any CPU
		{3A96029C-C91D-7431-D0F2-32E6B253C0B6}.Release|Any CPU.Build.0 = Release|Any CPU
		{B65B763E-3C81-6B1E-4DB0-CE1FA20BB888}.Debug|Any CPU.ActiveCfg = Debug|Any CPU
		{B65B763E-3C81-6B1E-4DB0-CE1FA20BB888}.Debug|Any CPU.Build.0 = Debug|Any CPU
		{B65B763E-3C81-6B1E-4DB0-CE1FA20BB888}.Release|Any CPU.ActiveCfg = Release|Any CPU
		{B65B763E-3C81-6B1E-4DB0-CE1FA20BB888}.Release|Any CPU.Build.0 = Release|Any CPU
		{7DE25F57-C08E-C897-F002-5F158A2D8C1B}.Debug|Any CPU.ActiveCfg = Debug|Any CPU
		{7DE25F57-C08E-C897-F002-5F158A2D8C1B}.Debug|Any CPU.Build.0 = Debug|Any CPU
		{7DE25F57-C08E-C897-F002-5F158A2D8C1B}.Release|Any CPU.ActiveCfg = Release|Any CPU
		{7DE25F57-C08E-C897-F002-5F158A2D8C1B}.Release|Any CPU.Build.0 = Release|Any CPU
		{A0E7C3E5-6777-BF0F-20C9-4A53919B0115}.Debug|Any CPU.ActiveCfg = Debug|Any CPU
		{A0E7C3E5-6777-BF0F-20C9-4A53919B0115}.Debug|Any CPU.Build.0 = Debug|Any CPU
		{A0E7C3E5-6777-BF0F-20C9-4A53919B0115}.Release|Any CPU.ActiveCfg = Release|Any CPU
		{A0E7C3E5-6777-BF0F-20C9-4A53919B0115}.Release|Any CPU.Build.0 = Release|Any CPU
		{4967A78F-B27D-3770-492D-9636ADC69DB2}.Debug|Any CPU.ActiveCfg = Debug|Any CPU
		{4967A78F-B27D-3770-492D-9636ADC69DB2}.Debug|Any CPU.Build.0 = Debug|Any CPU
		{4967A78F-B27D-3770-492D-9636ADC69DB2}.Release|Any CPU.ActiveCfg = Release|Any CPU
		{4967A78F-B27D-3770-492D-9636ADC69DB2}.Release|Any CPU.Build.0 = Release|Any CPU
	EndGlobalSection
	GlobalSection(SolutionProperties) = preSolution
		HideSolutionNode = FALSE
	EndGlobalSection
EndGlobal
